
Microsoft Visual Studio Solution File, Format Version 12.00
# Visual Studio Version 17
VisualStudioVersion = 17.14.36121.58 d17.14
MinimumVisualStudioVersion = 10.0.40219.1
Project("{FAE04EC0-301F-11D3-BF4B-00C04F79EFBC}") = "WindowsFormsApp1", "WindowsFormsApp1\WindowsFormsApp1.csproj", "{EF80003B-46DA-40D2-9E14-FF101E0328AE}"
EndProject
Global
	GlobalSection(SolutionConfigurationPlatforms) = preSolution
		Debug|Any CPU = Debug|Any CPU
		Release|Any CPU = Release|Any CPU
	EndGlobalSection
	GlobalSection(ProjectConfigurationPlatforms) = postSolution
		{EF80003B-46DA-40D2-9E14-FF101E0328AE}.Debug|Any CPU.ActiveCfg = Debug|Any CPU
		{EF80003B-46DA-40D2-9E14-FF101E0328AE}.Debug|Any CPU.Build.0 = Debug|Any CPU
		{EF80003B-46DA-40D2-9E14-FF101E0328AE}.Release|Any CPU.ActiveCfg = Release|Any CPU
		{EF80003B-46DA-40D2-9E14-FF101E0328AE}.Release|Any CPU.Build.0 = Release|Any CPU
	EndGlobalSection
	GlobalSection(SolutionProperties) = preSolution
		HideSolutionNode = FALSE
	EndGlobalSection
	GlobalSection(ExtensibilityGlobals) = postSolution
		SolutionGuid = {1758ED2C-C552-4C4F-9126-433A7D189FDF}
	EndGlobalSection
EndGlobal
